# This is a Gradle generated file for dependency locking.
# Manual edits can break the build and are not advised.
# This file is expected to be part of source control.
# To regenerate this file, run: ./gradlew :modules:dead-code-audit:dependencies --write-locks
ai.djl.huggingface:tokenizers:0.36.0=testCompileClasspath,testRuntimeClasspath
ai.djl:api:0.36.0=testCompileClasspath,testRuntimeClasspath
build.buf:protovalidate:0.7.0=testCompileClasspath,testRuntimeClasspath
ch.qos.logback:logback-classic:1.5.32=testCompileClasspath,testRuntimeClasspath
ch.qos.logback:logback-core:1.5.32=testCompileClasspath,testRuntimeClasspath
com.adobe.xmp:xmpcore:6.1.11=testRuntimeClasspath
com.drewnoakes:metadata-extractor:2.19.0=testRuntimeClasspath
com.epam:parso:2.0.14=testRuntimeClasspath
com.ethlo.time:itu:1.14.0=testRuntimeClasspath
com.fasterxml.jackson.core:jackson-annotations:2.21=testCompileClasspath,testRuntimeClasspath
com.fasterxml.jackson.core:jackson-core:2.20.0=testRuntimeClasspath
com.fasterxml.jackson.core:jackson-databind:2.20.0=testRuntimeClasspath
com.fasterxml.jackson:jackson-bom:2.20.0=testRuntimeClasspath
com.github.albfernandez:juniversalchardet:2.5.0=testRuntimeClasspath
com.github.ben-manes.caffeine:caffeine:3.0.5=annotationProcessor,testAnnotationProcessor
com.github.jai-imageio:jai-imageio-core:1.4.0=testRuntimeClasspath
com.github.jknack:handlebars:4.5.0=testRuntimeClasspath
com.github.kevinstern:software-and-algorithms:1.0=annotationProcessor,testAnnotationProcessor
com.github.oshi:oshi-core:6.10.0=testRuntimeClasspath
com.github.virtuald:curvesapi:1.08=testRuntimeClasspath
com.google.auto.service:auto-service-annotations:1.0.1=annotationProcessor,testAnnotationProcessor
com.google.auto.value:auto-value-annotations:1.11.0=testCompileClasspath,testRuntimeClasspath
com.google.auto.value:auto-value-annotations:1.9=annotationProcessor,testAnnotationProcessor
com.google.auto:auto-common:1.2.2=annotationProcessor,testAnnotationProcessor
com.google.code.gson:gson:2.13.2=testCompileClasspath,testRuntimeClasspath
com.google.errorprone:error_prone_annotation:2.47.0=annotationProcessor,testAnnotationProcessor
com.google.errorprone:error_prone_annotations:2.47.0=annotationProcessor,testAnnotationProcessor,testCompileClasspath,testRuntimeClasspath
com.google.errorprone:error_prone_check_api:2.47.0=annotationProcessor,testAnnotationProcessor
com.google.errorprone:error_prone_core:2.47.0=annotationProcessor,testAnnotationProcessor
com.google.googlejavaformat:google-java-format:1.27.0=annotationProcessor,testAnnotationProcessor
com.google.guava:failureaccess:1.0.3=annotationProcessor,testAnnotationProcessor,testCompileClasspath,testRuntimeClasspath
com.google.guava:guava:33.5.0-jre=annotationProcessor,testAnnotationProcessor,testCompileClasspath,testRuntimeClasspath
com.google.guava:listenablefuture:9999.0-empty-to-avoid-conflict-with-guava=annotationProcessor,testAnnotationProcessor,testCompileClasspath,testRuntimeClasspath
com.google.j2objc:j2objc-annotations:3.1=annotationProcessor,testAnnotationProcessor,testCompileClasspath,testRuntimeClasspath
com.google.protobuf:protobuf-java:4.33.5=annotationProcessor,testAnnotationProcessor,testCompileClasspath,testRuntimeClasspath
com.google.re2j:re2j:1.8=testCompileClasspath,testRuntimeClasspath
com.googlecode.plist:dd-plist:1.28=testRuntimeClasspath
com.healthmarketscience.jackcess:jackcess-encrypt:4.0.3=testRuntimeClasspath
com.healthmarketscience.jackcess:jackcess:4.0.8=testRuntimeClasspath
com.ibm.icu:icu4j:77.1=testRuntimeClasspath
com.microsoft.onnxruntime:onnxruntime:1.24.3=testCompileClasspath
com.microsoft.onnxruntime:onnxruntime_gpu:1.24.3=testRuntimeClasspath
com.networknt:json-schema-validator:3.0.1=testRuntimeClasspath
com.pff:java-libpst:0.9.3=testRuntimeClasspath
com.rometools:rome-utils:2.1.0=testRuntimeClasspath
com.rometools:rome:2.1.0=testRuntimeClasspath
com.squareup.okhttp3:okhttp-jvm:5.3.2=testRuntimeClasspath
com.squareup.okhttp3:okhttp:5.3.2=testRuntimeClasspath
com.squareup.okio:okio-jvm:3.16.4=testRuntimeClasspath
com.squareup.okio:okio:3.16.4=testRuntimeClasspath
com.sun.istack:istack-commons-runtime:4.1.2=testRuntimeClasspath
com.tngtech.archunit:archunit-junit5-api:1.4.1=testCompileClasspath,testRuntimeClasspath
com.tngtech.archunit:archunit-junit5-engine-api:1.4.1=testRuntimeClasspath
com.tngtech.archunit:archunit-junit5-engine:1.4.1=testRuntimeClasspath
com.tngtech.archunit:archunit-junit5:1.4.1=testCompileClasspath,testRuntimeClasspath
com.tngtech.archunit:archunit:1.4.1=testCompileClasspath,testRuntimeClasspath
com.zaxxer:SparseBitSet:1.3=testRuntimeClasspath
commons-codec:commons-codec:1.21.0=testCompileClasspath,testRuntimeClasspath
commons-io:commons-io:2.21.0=testCompileClasspath,testRuntimeClasspath
commons-logging:commons-logging:1.3.5=testRuntimeClasspath
dev.cel:common:0.12.0=testCompileClasspath,testRuntimeClasspath
dev.cel:compiler:0.12.0=testRuntimeClasspath
dev.cel:protobuf:0.12.0=testRuntimeClasspath
dev.cel:runtime:0.12.0=testCompileClasspath,testRuntimeClasspath
info.picocli:picocli:4.7.6=testRuntimeClasspath
io.github.eisop:dataflow-errorprone:3.41.0-eisop1=annotationProcessor,testAnnotationProcessor
io.github.java-diff-utils:java-diff-utils:4.12=annotationProcessor,testAnnotationProcessor
io.github.metarank:lightgbm4j:4.6.0-2=testCompileClasspath,testRuntimeClasspath
io.javalin:javalin:6.7.0=testRuntimeClasspath
io.methvin:directory-watcher:0.19.1=testRuntimeClasspath
io.opentelemetry.instrumentation:opentelemetry-instrumentation-api-incubator:2.26.0-alpha=testRuntimeClasspath
io.opentelemetry.instrumentation:opentelemetry-instrumentation-api:2.26.0=testRuntimeClasspath
io.opentelemetry.instrumentation:opentelemetry-logback-mdc-1.0:2.26.0-alpha=testRuntimeClasspath
io.opentelemetry.semconv:opentelemetry-semconv:1.40.0=testRuntimeClasspath
io.opentelemetry:opentelemetry-api-incubator:1.60.1-alpha=testRuntimeClasspath
io.opentelemetry:opentelemetry-api:1.60.1=testCompileClasspath,testRuntimeClasspath
io.opentelemetry:opentelemetry-common:1.60.1=testCompileClasspath,testRuntimeClasspath
io.opentelemetry:opentelemetry-context:1.60.1=testCompileClasspath,testRuntimeClasspath
io.opentelemetry:opentelemetry-exporter-common:1.60.1=testRuntimeClasspath
io.opentelemetry:opentelemetry-exporter-otlp-common:1.60.1=testRuntimeClasspath
io.opentelemetry:opentelemetry-exporter-otlp:1.60.1=testRuntimeClasspath
io.opentelemetry:opentelemetry-exporter-sender-okhttp:1.60.1=testRuntimeClasspath
io.opentelemetry:opentelemetry-sdk-common:1.60.1=testCompileClasspath,testRuntimeClasspath
io.opentelemetry:opentelemetry-sdk-extension-autoconfigure-spi:1.60.1=testRuntimeClasspath
io.opentelemetry:opentelemetry-sdk-logs:1.60.1=testRuntimeClasspath
io.opentelemetry:opentelemetry-sdk-metrics:1.60.1=testCompileClasspath,testRuntimeClasspath
io.opentelemetry:opentelemetry-sdk-trace:1.60.1=testCompileClasspath,testRuntimeClasspath
io.opentelemetry:opentelemetry-sdk:1.60.1=testRuntimeClasspath
jakarta.activation:jakarta.activation-api:2.1.3=testRuntimeClasspath
jakarta.xml.bind:jakarta.xml.bind-api:4.0.2=testRuntimeClasspath
javax.inject:javax.inject:1=annotationProcessor,testAnnotationProcessor
net.java.dev.jna:jna-platform:5.18.1=testRuntimeClasspath
net.java.dev.jna:jna:5.18.1=testCompileClasspath,testRuntimeClasspath
net.jcip:jcip-annotations:1.0=testCompileClasspath,testRuntimeClasspath
net.logstash.logback:logstash-logback-encoder:9.0=testRuntimeClasspath
org.agrona:agrona:1.22.0=testRuntimeClasspath
org.antlr:antlr4-runtime:4.13.2=testRuntimeClasspath
org.apache.commons:commons-collections4:4.5.0=testRuntimeClasspath
org.apache.commons:commons-compress:1.28.0=testCompileClasspath,testRuntimeClasspath
org.apache.commons:commons-csv:1.14.1=testRuntimeClasspath
org.apache.commons:commons-exec:1.5.0=testRuntimeClasspath
org.apache.commons:commons-lang3:3.20.0=testRuntimeClasspath
org.apache.commons:commons-math3:3.6.1=testRuntimeClasspath
org.apache.commons:commons-text:1.15.0=testRuntimeClasspath
org.apache.james:apache-mime4j-core:0.8.13=testRuntimeClasspath
org.apache.james:apache-mime4j-dom:0.8.13=testRuntimeClasspath
org.apache.logging.log4j:log4j-api:2.24.3=testRuntimeClasspath
org.apache.logging.log4j:log4j-to-slf4j:2.24.3=testRuntimeClasspath
org.apache.lucene:lucene-analysis-common:10.4.0=testRuntimeClasspath
org.apache.lucene:lucene-analysis-icu:10.4.0=testRuntimeClasspath
org.apache.lucene:lucene-core:10.4.0=testCompileClasspath,testRuntimeClasspath
org.apache.lucene:lucene-facet:10.4.0=testCompileClasspath,testRuntimeClasspath
org.apache.lucene:lucene-memory:10.4.0=testRuntimeClasspath
org.apache.lucene:lucene-queries:10.4.0=testCompileClasspath,testRuntimeClasspath
org.apache.lucene:lucene-queryparser:10.4.0=testCompileClasspath,testRuntimeClasspath
org.apache.lucene:lucene-sandbox:10.4.0=testCompileClasspath,testRuntimeClasspath
org.apache.pdfbox:fontbox:3.0.6=testRuntimeClasspath
org.apache.pdfbox:jbig2-imageio:3.0.4=testRuntimeClasspath
org.apache.pdfbox:jempbox:1.8.17=testRuntimeClasspath
org.apache.pdfbox:pdfbox-io:3.0.6=testRuntimeClasspath
org.apache.pdfbox:pdfbox-tools:3.0.5=testRuntimeClasspath
org.apache.pdfbox:pdfbox:3.0.6=testRuntimeClasspath
org.apache.pdfbox:xmpbox:3.0.5=testRuntimeClasspath
org.apache.poi:poi-ooxml-lite:5.4.1=testRuntimeClasspath
org.apache.poi:poi-ooxml:5.4.1=testRuntimeClasspath
org.apache.poi:poi-scratchpad:5.4.1=testRuntimeClasspath
org.apache.poi:poi:5.4.1=testRuntimeClasspath
org.apache.tika:tika-core:3.2.3=testRuntimeClasspath
org.apache.tika:tika-parser-apple-module:3.2.3=testRuntimeClasspath
org.apache.tika:tika-parser-audiovideo-module:3.2.3=testRuntimeClasspath
org.apache.tika:tika-parser-cad-module:3.2.3=testRuntimeClasspath
org.apache.tika:tika-parser-code-module:3.2.3=testRuntimeClasspath
org.apache.tika:tika-parser-crypto-module:3.2.3=testRuntimeClasspath
org.apache.tika:tika-parser-digest-commons:3.2.3=testRuntimeClasspath
org.apache.tika:tika-parser-font-module:3.2.3=testRuntimeClasspath
org.apache.tika:tika-parser-html-module:3.2.3=testRuntimeClasspath
org.apache.tika:tika-parser-image-module:3.2.3=testRuntimeClasspath
org.apache.tika:tika-parser-mail-commons:3.2.3=testRuntimeClasspath
org.apache.tika:tika-parser-mail-module:3.2.3=testRuntimeClasspath
org.apache.tika:tika-parser-microsoft-module:3.2.3=testRuntimeClasspath
org.apache.tika:tika-parser-miscoffice-module:3.2.3=testRuntimeClasspath
org.apache.tika:tika-parser-news-module:3.2.3=testRuntimeClasspath
org.apache.tika:tika-parser-ocr-module:3.2.3=testRuntimeClasspath
org.apache.tika:tika-parser-pdf-module:3.2.3=testRuntimeClasspath
org.apache.tika:tika-parser-pkg-module:3.2.3=testRuntimeClasspath
org.apache.tika:tika-parser-text-module:3.2.3=testRuntimeClasspath
org.apache.tika:tika-parser-webarchive-module:3.2.3=testRuntimeClasspath
org.apache.tika:tika-parser-xml-module:3.2.3=testRuntimeClasspath
org.apache.tika:tika-parser-xmp-commons:3.2.3=testRuntimeClasspath
org.apache.tika:tika-parser-zip-commons:3.2.3=testRuntimeClasspath
org.apache.tika:tika-parsers-standard-package:3.2.3=testRuntimeClasspath
org.apache.xmlbeans:xmlbeans:5.3.0=testRuntimeClasspath
org.apiguardian:apiguardian-api:1.1.2=testCompileClasspath
org.bouncycastle:bcjmail-jdk18on:1.81=testRuntimeClasspath
org.bouncycastle:bcpkix-jdk18on:1.81.1=testRuntimeClasspath
org.bouncycastle:bcprov-jdk18on:1.81.1=testRuntimeClasspath
org.bouncycastle:bcutil-jdk18on:1.81.1=testRuntimeClasspath
org.brotli:dec:0.1.2=testRuntimeClasspath
org.checkerframework:checker-qual:3.49.5=annotationProcessor,testAnnotationProcessor
org.codelibs:jhighlight:1.1.0=testRuntimeClasspath
org.commonmark:commonmark-ext-gfm-tables:0.27.1=testRuntimeClasspath
org.commonmark:commonmark-ext-task-list-items:0.27.1=testRuntimeClasspath
org.commonmark:commonmark:0.27.1=testRuntimeClasspath
org.eclipse.angus:angus-activation:2.0.2=testRuntimeClasspath
org.eclipse.jetty.toolchain:jetty-jakarta-servlet-api:5.0.2=testRuntimeClasspath
org.eclipse.jetty.websocket:websocket-core-common:11.0.25=testRuntimeClasspath
org.eclipse.jetty.websocket:websocket-core-server:11.0.25=testRuntimeClasspath
org.eclipse.jetty.websocket:websocket-jetty-api:11.0.25=testRuntimeClasspath
org.eclipse.jetty.websocket:websocket-jetty-common:11.0.25=testRuntimeClasspath
org.eclipse.jetty.websocket:websocket-jetty-server:11.0.25=testRuntimeClasspath
org.eclipse.jetty.websocket:websocket-servlet:11.0.25=testRuntimeClasspath
org.eclipse.jetty:jetty-http:11.0.25=testRuntimeClasspath
org.eclipse.jetty:jetty-io:11.0.25=testRuntimeClasspath
org.eclipse.jetty:jetty-security:11.0.25=testRuntimeClasspath
org.eclipse.jetty:jetty-server:11.0.25=testRuntimeClasspath
org.eclipse.jetty:jetty-servlet:11.0.25=testRuntimeClasspath
org.eclipse.jetty:jetty-util:11.0.25=testRuntimeClasspath
org.eclipse.jetty:jetty-webapp:11.0.25=testRuntimeClasspath
org.eclipse.jetty:jetty-xml:11.0.25=testRuntimeClasspath
org.gagravarr:vorbis-java-core:0.8=testRuntimeClasspath
org.gagravarr:vorbis-java-tika:0.8=testRuntimeClasspath
org.glassfish.jaxb:jaxb-core:4.0.5=testRuntimeClasspath
org.glassfish.jaxb:jaxb-runtime:4.0.5=testRuntimeClasspath
org.glassfish.jaxb:txw2:4.0.5=testRuntimeClasspath
org.hdrhistogram:HdrHistogram:2.2.2=testRuntimeClasspath
org.jdom:jdom2:2.0.6.1=testRuntimeClasspath
org.jetbrains.kotlin:kotlin-metadata-jvm:2.3.0=dependencyAnalysisKotlinMetadataClasspath
org.jetbrains.kotlin:kotlin-stdlib-jdk7:1.9.25=testRuntimeClasspath
org.jetbrains.kotlin:kotlin-stdlib-jdk8:1.9.25=testRuntimeClasspath
org.jetbrains.kotlin:kotlin-stdlib:2.4.0=testRuntimeClasspath
org.jetbrains:annotations:13.0=testRuntimeClasspath
org.jsoup:jsoup:1.21.2=testRuntimeClasspath
org.jspecify:jspecify:1.0.0=annotationProcessor,testAnnotationProcessor,testCompileClasspath,testRuntimeClasspath
org.junit.jupiter:junit-jupiter-api:5.14.4=testCompileClasspath,testRuntimeClasspath
org.junit.jupiter:junit-jupiter-engine:5.14.4=testRuntimeClasspath
org.junit.jupiter:junit-jupiter-params:5.14.4=testCompileClasspath,testRuntimeClasspath
org.junit.jupiter:junit-jupiter:5.14.4=testCompileClasspath,testRuntimeClasspath
org.junit.platform:junit-platform-commons:1.14.4=testCompileClasspath,testRuntimeClasspath
org.junit.platform:junit-platform-engine:1.14.4=testRuntimeClasspath
org.junit.platform:junit-platform-launcher:1.14.4=testRuntimeClasspath
org.junit:junit-bom:5.14.4=testCompileClasspath,testRuntimeClasspath
org.netpreserve:jwarc:0.32.0=testRuntimeClasspath
org.opentest4j:opentest4j:1.3.0=testCompileClasspath,testRuntimeClasspath
org.ow2.asm:asm:9.9.1=testRuntimeClasspath
org.pcollections:pcollections:4.0.2=annotationProcessor,testAnnotationProcessor
org.projectnessie.cel:cel-bom:0.5.1=testRuntimeClasspath
org.projectnessie.cel:cel-core:0.5.1=testRuntimeClasspath
org.projectnessie.cel:cel-generated-antlr:0.5.1=testRuntimeClasspath
org.projectnessie.cel:cel-generated-pb:0.5.1=testRuntimeClasspath
org.rrd4j:rrd4j:3.10=testRuntimeClasspath
org.slf4j:jcl-over-slf4j:2.0.17=testRuntimeClasspath
org.slf4j:jul-to-slf4j:2.0.17=testRuntimeClasspath
org.slf4j:slf4j-api:2.0.17=testCompileClasspath,testRuntimeClasspath
org.snakeyaml:snakeyaml-engine:3.0.1=testRuntimeClasspath
org.tallison:jmatio:1.5=testRuntimeClasspath
org.threeten:threeten-extra:1.8.0=testCompileClasspath,testRuntimeClasspath
org.tukaani:xz:1.10=testRuntimeClasspath
org.xerial:sqlite-jdbc:3.51.2.0=testRuntimeClasspath
tools.jackson.core:jackson-core:3.1.0=testCompileClasspath,testRuntimeClasspath
tools.jackson.core:jackson-databind:3.1.0=testCompileClasspath,testRuntimeClasspath
tools.jackson.dataformat:jackson-dataformat-yaml:3.1.0=testRuntimeClasspath
tools.jackson:jackson-bom:3.1.0=testCompileClasspath,testRuntimeClasspath
empty=compileClasspath,runtimeClasspath
