# This is a Gradle generated file for dependency locking.
# Manual edits can break the build and are not advised.
# This file is expected to be part of source control.
# To regenerate this file, run: ./gradlew :modules:app-agent:dependencies --write-locks
build.buf:protovalidate:0.7.0=compileClasspath,runtimeClasspath,testCompileClasspath,testRuntimeClasspath
ch.qos.logback:logback-classic:1.5.32=testCompileClasspath,testRuntimeClasspath
ch.qos.logback:logback-core:1.5.32=testCompileClasspath,testRuntimeClasspath
com.fasterxml.jackson.core:jackson-annotations:2.21=compileClasspath,runtimeClasspath,testCompileClasspath,testRuntimeClasspath
com.github.ben-manes.caffeine:caffeine:3.0.5=annotationProcessor,testAnnotationProcessor
com.github.jknack:handlebars:4.5.0=testRuntimeClasspath
com.github.kevinstern:software-and-algorithms:1.0=annotationProcessor,testAnnotationProcessor
com.google.auto.service:auto-service-annotations:1.0.1=annotationProcessor,testAnnotationProcessor
com.google.auto.value:auto-value-annotations:1.9=annotationProcessor,testAnnotationProcessor
com.google.auto:auto-common:1.2.2=annotationProcessor,testAnnotationProcessor
com.google.errorprone:error_prone_annotation:2.47.0=annotationProcessor,testAnnotationProcessor
com.google.errorprone:error_prone_annotations:2.47.0=annotationProcessor,testAnnotationProcessor,testCompileClasspath,testRuntimeClasspath
com.google.errorprone:error_prone_check_api:2.47.0=annotationProcessor,testAnnotationProcessor
com.google.errorprone:error_prone_core:2.47.0=annotationProcessor,testAnnotationProcessor
com.google.googlejavaformat:google-java-format:1.27.0=annotationProcessor,testAnnotationProcessor
com.google.guava:failureaccess:1.0.3=annotationProcessor,testAnnotationProcessor,testCompileClasspath,testRuntimeClasspath
com.google.guava:guava:33.5.0-jre=annotationProcessor,testAnnotationProcessor,testCompileClasspath,testRuntimeClasspath
com.google.guava:listenablefuture:9999.0-empty-to-avoid-conflict-with-guava=annotationProcessor,testAnnotationProcessor,testCompileClasspath,testRuntimeClasspath
com.google.j2objc:j2objc-annotations:3.1=annotationProcessor,testAnnotationProcessor,testCompileClasspath,testRuntimeClasspath
com.google.protobuf:protobuf-java:4.33.5=annotationProcessor,compileClasspath,runtimeClasspath,testAnnotationProcessor,testCompileClasspath,testRuntimeClasspath
com.squareup.okhttp3:okhttp-jvm:5.3.2=runtimeClasspath,testRuntimeClasspath
com.squareup.okhttp3:okhttp:5.3.2=runtimeClasspath,testRuntimeClasspath
com.squareup.okio:okio-jvm:3.16.4=runtimeClasspath,testRuntimeClasspath
com.squareup.okio:okio:3.16.4=runtimeClasspath,testRuntimeClasspath
com.tngtech.archunit:archunit-junit5-api:1.4.1=testCompileClasspath,testRuntimeClasspath
com.tngtech.archunit:archunit-junit5-engine-api:1.4.1=testRuntimeClasspath
com.tngtech.archunit:archunit-junit5-engine:1.4.1=testRuntimeClasspath
com.tngtech.archunit:archunit-junit5:1.4.1=testCompileClasspath,testRuntimeClasspath
com.tngtech.archunit:archunit:1.4.1=testCompileClasspath,testRuntimeClasspath
io.github.eisop:dataflow-errorprone:3.41.0-eisop1=annotationProcessor,testAnnotationProcessor
io.github.java-diff-utils:java-diff-utils:4.12=annotationProcessor,testAnnotationProcessor
io.opentelemetry:opentelemetry-api:1.60.1=compileClasspath,runtimeClasspath,testCompileClasspath,testRuntimeClasspath
io.opentelemetry:opentelemetry-common:1.60.1=compileClasspath,runtimeClasspath,testCompileClasspath,testRuntimeClasspath
io.opentelemetry:opentelemetry-context:1.60.1=compileClasspath,runtimeClasspath,testCompileClasspath,testRuntimeClasspath
io.opentelemetry:opentelemetry-exporter-common:1.60.1=runtimeClasspath,testRuntimeClasspath
io.opentelemetry:opentelemetry-exporter-otlp-common:1.60.1=runtimeClasspath,testRuntimeClasspath
io.opentelemetry:opentelemetry-exporter-otlp:1.60.1=runtimeClasspath,testRuntimeClasspath
io.opentelemetry:opentelemetry-exporter-sender-okhttp:1.60.1=runtimeClasspath,testRuntimeClasspath
io.opentelemetry:opentelemetry-sdk-common:1.60.1=compileClasspath,runtimeClasspath,testCompileClasspath,testRuntimeClasspath
io.opentelemetry:opentelemetry-sdk-extension-autoconfigure-spi:1.60.1=runtimeClasspath,testRuntimeClasspath
io.opentelemetry:opentelemetry-sdk-logs:1.60.1=runtimeClasspath,testRuntimeClasspath
io.opentelemetry:opentelemetry-sdk-metrics:1.60.1=compileClasspath,runtimeClasspath,testCompileClasspath,testRuntimeClasspath
io.opentelemetry:opentelemetry-sdk-trace:1.60.1=compileClasspath,runtimeClasspath,testCompileClasspath,testRuntimeClasspath
io.opentelemetry:opentelemetry-sdk:1.60.1=runtimeClasspath,testRuntimeClasspath
javax.inject:javax.inject:1=annotationProcessor,testAnnotationProcessor
org.agrona:agrona:1.22.0=runtimeClasspath,testRuntimeClasspath
org.apache.commons:commons-lang3:3.20.0=testRuntimeClasspath
org.apache.commons:commons-text:1.14.0=testRuntimeClasspath
org.apiguardian:apiguardian-api:1.1.2=testCompileClasspath
org.checkerframework:checker-qual:3.49.5=annotationProcessor,testAnnotationProcessor
org.jetbrains.kotlin:kotlin-metadata-jvm:2.3.0=dependencyAnalysisKotlinMetadataClasspath
org.jetbrains.kotlin:kotlin-stdlib:2.2.21=runtimeClasspath,testRuntimeClasspath
org.jetbrains:annotations:13.0=runtimeClasspath,testRuntimeClasspath
org.jspecify:jspecify:1.0.0=annotationProcessor,compileClasspath,runtimeClasspath,testAnnotationProcessor,testCompileClasspath,testRuntimeClasspath
org.junit.jupiter:junit-jupiter-api:5.14.4=testCompileClasspath,testRuntimeClasspath
org.junit.jupiter:junit-jupiter-engine:5.14.4=testRuntimeClasspath
org.junit.jupiter:junit-jupiter-params:5.14.4=testCompileClasspath,testRuntimeClasspath
org.junit.jupiter:junit-jupiter:5.14.4=testCompileClasspath,testRuntimeClasspath
org.junit.platform:junit-platform-commons:1.14.4=testCompileClasspath,testRuntimeClasspath
org.junit.platform:junit-platform-engine:1.14.4=testRuntimeClasspath
org.junit.platform:junit-platform-launcher:1.14.4=testRuntimeClasspath
org.junit:junit-bom:5.14.4=testCompileClasspath,testRuntimeClasspath
org.opentest4j:opentest4j:1.3.0=testCompileClasspath,testRuntimeClasspath
org.pcollections:pcollections:4.0.2=annotationProcessor,testAnnotationProcessor
org.projectnessie.cel:cel-bom:0.5.1=runtimeClasspath,testRuntimeClasspath
org.projectnessie.cel:cel-core:0.5.1=runtimeClasspath,testRuntimeClasspath
org.projectnessie.cel:cel-generated-antlr:0.5.1=runtimeClasspath,testRuntimeClasspath
org.projectnessie.cel:cel-generated-pb:0.5.1=runtimeClasspath,testRuntimeClasspath
org.rrd4j:rrd4j:3.10=runtimeClasspath,testRuntimeClasspath
org.slf4j:slf4j-api:2.0.17=compileClasspath,runtimeClasspath,testCompileClasspath,testRuntimeClasspath
org.snakeyaml:snakeyaml-engine:3.0.1=runtimeClasspath,testRuntimeClasspath
org.xerial:sqlite-jdbc:3.51.2.0=testRuntimeClasspath
tools.jackson.core:jackson-core:3.1.0=compileClasspath,runtimeClasspath,testCompileClasspath,testRuntimeClasspath
tools.jackson.core:jackson-databind:3.1.0=compileClasspath,runtimeClasspath,testCompileClasspath,testRuntimeClasspath
tools.jackson.dataformat:jackson-dataformat-yaml:3.1.0=runtimeClasspath,testRuntimeClasspath
tools.jackson:jackson-bom:3.1.0=compileClasspath,runtimeClasspath,testCompileClasspath,testRuntimeClasspath
empty=
